// !$*UTF8*$!
{
	archiveVersion = 1;
	classes = {
	};
	objectVersion = 55;
	objects = {

/* Begin PBXBuildFile section */
		8966710827C424ED005DC831 /* AppDelegate.swift in Sources */ = {isa = PBXBuildFile; fileRef = 8966710727C424ED005DC831 /* AppDelegate.swift */; };
		8966710A27C424ED005DC831 /* SceneDelegate.swift in Sources */ = {isa = PBXBuildFile; fileRef = 8966710927C424ED005DC831 /* SceneDelegate.swift */; };
		8966710C27C424ED005DC831 /* ViewController.swift in Sources */ = {isa = PBXBuildFile; fileRef = 8966710B27C424ED005DC831 /* ViewController.swift */; };
		8966711227C424ED005DC831 /* BottomSheet.xcdatamodeld in Sources */ = {isa = PBXBuildFile; fileRef = 8966711027C424ED005DC831 /* BottomSheet.xcdatamodeld */; };
		8966711427C424EF005DC831 /* Assets.xcassets in Resources */ = {isa = PBXBuildFile; fileRef = 8966711327C424EF005DC831 /* Assets.xcassets */; };
		8966712427C42E42005DC831 /* ContentView.swift in Sources */ = {isa = PBXBuildFile; fileRef = 8966712327C42E42005DC831 /* ContentView.swift */; };
		8966712627C42E53005DC831 /* DetailsView.swift in Sources */ = {isa = PBXBuildFile; fileRef = 8966712527C42E53005DC831 /* DetailsView.swift */; };
		8966712827C42EB6005DC831 /* DetailsModel.swift in Sources */ = {isa = PBXBuildFile; fileRef = 8966712727C42EB6005DC831 /* DetailsModel.swift */; };
		8966712B27C42FB1005DC831 /* BottomSheetModifier.swift in Sources */ = {isa = PBXBuildFile; fileRef = 8966712A27C42FB1005DC831 /* BottomSheetModifier.swift */; };
		8966712D27C42FC7005DC831 /* ViewExtensions.swift in Sources */ = {isa = PBXBuildFile; fileRef = 8966712C27C42FC7005DC831 /* ViewExtensions.swift */; };
		8966712F27C43083005DC831 /* BottomSheetPresenter.swift in Sources */ = {isa = PBXBuildFile; fileRef = 8966712E27C43083005DC831 /* BottomSheetPresenter.swift */; };
		8966713327C432EC005DC831 /* BottomSheetPresentationManager.swift in Sources */ = {isa = PBXBuildFile; fileRef = 8966713227C432EC005DC831 /* BottomSheetPresentationManager.swift */; };
		8966713527C433BE005DC831 /* BottomSheetInteractionController.swift in Sources */ = {isa = PBXBuildFile; fileRef = 8966713427C433BE005DC831 /* BottomSheetInteractionController.swift */; };
		8966713727C4350F005DC831 /* BottomSheetPresentationController.swift in Sources */ = {isa = PBXBuildFile; fileRef = 8966713627C4350F005DC831 /* BottomSheetPresentationController.swift */; };
		8966713927C4380E005DC831 /* PresentAnimation.swift in Sources */ = {isa = PBXBuildFile; fileRef = 8966713827C4380E005DC831 /* PresentAnimation.swift */; };
		8966713C27C43828005DC831 /* DismissAnimation.swift in Sources */ = {isa = PBXBuildFile; fileRef = 8966713B27C43828005DC831 /* DismissAnimation.swift */; };
		8966713E27C44804005DC831 /* PresentationController.swift in Sources */ = {isa = PBXBuildFile; fileRef = 8966713D27C44804005DC831 /* PresentationController.swift */; };
		8966714027C51AA3005DC831 /* BottomSheetHostingController.swift in Sources */ = {isa = PBXBuildFile; fileRef = 8966713F27C51AA3005DC831 /* BottomSheetHostingController.swift */; };
		89EE53DC27CE524500899269 /* BottomSheetTests.swift in Sources */ = {isa = PBXBuildFile; fileRef = 89EE53DB27CE524500899269 /* BottomSheetTests.swift */; };
/* End PBXBuildFile section */

/* Begin PBXContainerItemProxy section */
		89EE53DD27CE524500899269 /* PBXContainerItemProxy */ = {
			isa = PBXContainerItemProxy;
			containerPortal = 896670FC27C424ED005DC831 /* Project object */;
			proxyType = 1;
			remoteGlobalIDString = 8966710327C424ED005DC831;
			remoteInfo = BottomSheet;
		};
/* End PBXContainerItemProxy section */

/* Begin PBXFileReference section */
		8966710427C424ED005DC831 /* BottomSheet.app */ = {isa = PBXFileReference; explicitFileType = wrapper.application; includeInIndex = 0; path = BottomSheet.app; sourceTree = BUILT_PRODUCTS_DIR; };
		8966710727C424ED005DC831 /* AppDelegate.swift */ = {isa = PBXFileReference; lastKnownFileType = sourcecode.swift; path = AppDelegate.swift; sourceTree = "<group>"; };
		8966710927C424ED005DC831 /* SceneDelegate.swift */ = {isa = PBXFileReference; lastKnownFileType = sourcecode.swift; path = SceneDelegate.swift; sourceTree = "<group>"; };
		8966710B27C424ED005DC831 /* ViewController.swift */ = {isa = PBXFileReference; lastKnownFileType = sourcecode.swift; path = ViewController.swift; sourceTree = "<group>"; };
		8966711127C424ED005DC831 /* BottomSheet.xcdatamodel */ = {isa = PBXFileReference; lastKnownFileType = wrapper.xcdatamodel; path = BottomSheet.xcdatamodel; sourceTree = "<group>"; };
		8966711327C424EF005DC831 /* Assets.xcassets */ = {isa = PBXFileReference; lastKnownFileType = folder.assetcatalog; path = Assets.xcassets; sourceTree = "<group>"; };
		8966711827C424EF005DC831 /* Info.plist */ = {isa = PBXFileReference; lastKnownFileType = text.plist.xml; path = Info.plist; sourceTree = "<group>"; };
		8966712327C42E42005DC831 /* ContentView.swift */ = {isa = PBXFileReference; lastKnownFileType = sourcecode.swift; path = ContentView.swift; sourceTree = "<group>"; };
		8966712527C42E53005DC831 /* DetailsView.swift */ = {isa = PBXFileReference; lastKnownFileType = sourcecode.swift; path = DetailsView.swift; sourceTree = "<group>"; };
		8966712727C42EB6005DC831 /* DetailsModel.swift */ = {isa = PBXFileReference; lastKnownFileType = sourcecode.swift; path = DetailsModel.swift; sourceTree = "<group>"; };
		8966712A27C42FB1005DC831 /* BottomSheetModifier.swift */ = {isa = PBXFileReference; lastKnownFileType = sourcecode.swift; path = BottomSheetModifier.swift; sourceTree = "<group>"; };
		8966712C27C42FC7005DC831 /* ViewExtensions.swift */ = {isa = PBXFileReference; lastKnownFileType = sourcecode.swift; name = ViewExtensions.swift; path = BottomSheet/ViewModifiers/ViewExtensions.swift; sourceTree = SOURCE_ROOT; };
		8966712E27C43083005DC831 /* BottomSheetPresenter.swift */ = {isa = PBXFileReference; lastKnownFileType = sourcecode.swift; path = BottomSheetPresenter.swift; sourceTree = "<group>"; };
		8966713227C432EC005DC831 /* BottomSheetPresentationManager.swift */ = {isa = PBXFileReference; lastKnownFileType = sourcecode.swift; path = BottomSheetPresentationManager.swift; sourceTree = "<group>"; };
		8966713427C433BE005DC831 /* BottomSheetInteractionController.swift */ = {isa = PBXFileReference; lastKnownFileType = sourcecode.swift; path = BottomSheetInteractionController.swift; sourceTree = "<group>"; };
		8966713627C4350F005DC831 /* BottomSheetPresentationController.swift */ = {isa = PBXFileReference; lastKnownFileType = sourcecode.swift; path = BottomSheetPresentationController.swift; sourceTree = "<group>"; };
		8966713827C4380E005DC831 /* PresentAnimation.swift */ = {isa = PBXFileReference; lastKnownFileType = sourcecode.swift; path = PresentAnimation.swift; sourceTree = "<group>"; };
		8966713B27C43828005DC831 /* DismissAnimation.swift */ = {isa = PBXFileReference; lastKnownFileType = sourcecode.swift; path = DismissAnimation.swift; sourceTree = "<group>"; };
		8966713D27C44804005DC831 /* PresentationController.swift */ = {isa = PBXFileReference; lastKnownFileType = sourcecode.swift; path = PresentationController.swift; sourceTree = "<group>"; };
		8966713F27C51AA3005DC831 /* BottomSheetHostingController.swift */ = {isa = PBXFileReference; lastKnownFileType = sourcecode.swift; path = BottomSheetHostingController.swift; sourceTree = "<group>"; };
		89EE53D927CE524500899269 /* BottomSheetTests.xctest */ = {isa = PBXFileReference; explicitFileType = wrapper.cfbundle; includeInIndex = 0; path = BottomSheetTests.xctest; sourceTree = BUILT_PRODUCTS_DIR; };
		89EE53DB27CE524500899269 /* BottomSheetTests.swift */ = {isa = PBXFileReference; lastKnownFileType = sourcecode.swift; path = BottomSheetTests.swift; sourceTree = "<group>"; };
/* End PBXFileReference section */

/* Begin PBXFrameworksBuildPhase section */
		8966710127C424ED005DC831 /* Frameworks */ = {
			isa = PBXFrameworksBuildPhase;
			buildActionMask = 2147483647;
			files = (
			);
			runOnlyForDeploymentPostprocessing = 0;
		};
		89EE53D627CE524500899269 /* Frameworks */ = {
			isa = PBXFrameworksBuildPhase;
			buildActionMask = 2147483647;
			files = (
			);
			runOnlyForDeploymentPostprocessing = 0;
		};
/* End PBXFrameworksBuildPhase section */

/* Begin PBXGroup section */
		896670FB27C424ED005DC831 = {
			isa = PBXGroup;
			children = (
				8966710627C424ED005DC831 /* BottomSheet */,
				89EE53DA27CE524500899269 /* BottomSheetTests */,
				8966710527C424ED005DC831 /* Products */,
			);
			sourceTree = "<group>";
		};
		8966710527C424ED005DC831 /* Products */ = {
			isa = PBXGroup;
			children = (
				8966710427C424ED005DC831 /* BottomSheet.app */,
				89EE53D927CE524500899269 /* BottomSheetTests.xctest */,
			);
			name = Products;
			sourceTree = "<group>";
		};
		8966710627C424ED005DC831 /* BottomSheet */ = {
			isa = PBXGroup;
			children = (
				8966713027C430C0005DC831 /* Animations */,
				8966712927C42F8D005DC831 /* Presentation */,
				8966712227C42E21005DC831 /* ViewExtensions */,
				8966712127C42E0F005DC831 /* ViewModifiers */,
				8966712027C42E00005DC831 /* ViewControllers */,
				8966711F27C42DF7005DC831 /* Models */,
				8966711E27C42DEF005DC831 /* Views */,
				8966710727C424ED005DC831 /* AppDelegate.swift */,
				8966710927C424ED005DC831 /* SceneDelegate.swift */,
				8966711327C424EF005DC831 /* Assets.xcassets */,
				8966711827C424EF005DC831 /* Info.plist */,
				8966711027C424ED005DC831 /* BottomSheet.xcdatamodeld */,
			);
			path = BottomSheet;
			sourceTree = "<group>";
		};
		8966711E27C42DEF005DC831 /* Views */ = {
			isa = PBXGroup;
			children = (
				8966712327C42E42005DC831 /* ContentView.swift */,
				8966712527C42E53005DC831 /* DetailsView.swift */,
			);
			path = Views;
			sourceTree = "<group>";
		};
		8966711F27C42DF7005DC831 /* Models */ = {
			isa = PBXGroup;
			children = (
				8966712727C42EB6005DC831 /* DetailsModel.swift */,
			);
			path = Models;
			sourceTree = "<group>";
		};
		8966712027C42E00005DC831 /* ViewControllers */ = {
			isa = PBXGroup;
			children = (
				8966710B27C424ED005DC831 /* ViewController.swift */,
			);
			path = ViewControllers;
			sourceTree = "<group>";
		};
		8966712127C42E0F005DC831 /* ViewModifiers */ = {
			isa = PBXGroup;
			children = (
				8966712A27C42FB1005DC831 /* BottomSheetModifier.swift */,
			);
			path = ViewModifiers;
			sourceTree = "<group>";
		};
		8966712227C42E21005DC831 /* ViewExtensions */ = {
			isa = PBXGroup;
			children = (
				8966712C27C42FC7005DC831 /* ViewExtensions.swift */,
			);
			path = ViewExtensions;
			sourceTree = "<group>";
		};
		8966712927C42F8D005DC831 /* Presentation */ = {
			isa = PBXGroup;
			children = (
				8966712E27C43083005DC831 /* BottomSheetPresenter.swift */,
				8966713F27C51AA3005DC831 /* BottomSheetHostingController.swift */,
				8966713227C432EC005DC831 /* BottomSheetPresentationManager.swift */,
				8966713427C433BE005DC831 /* BottomSheetInteractionController.swift */,
				8966713D27C44804005DC831 /* PresentationController.swift */,
				8966713627C4350F005DC831 /* BottomSheetPresentationController.swift */,
			);
			path = Presentation;
			sourceTree = "<group>";
		};
		8966713027C430C0005DC831 /* Animations */ = {
			isa = PBXGroup;
			children = (
				8966713827C4380E005DC831 /* PresentAnimation.swift */,
				8966713B27C43828005DC831 /* DismissAnimation.swift */,
			);
			path = Animations;
			sourceTree = "<group>";
		};
		89EE53DA27CE524500899269 /* BottomSheetTests */ = {
			isa = PBXGroup;
			children = (
				89EE53DB27CE524500899269 /* BottomSheetTests.swift */,
			);
			path = BottomSheetTests;
			sourceTree = "<group>";
		};
/* End PBXGroup section */

/* Begin PBXNativeTarget section */
		8966710327C424ED005DC831 /* BottomSheet */ = {
			isa = PBXNativeTarget;
			buildConfigurationList = 8966711B27C424EF005DC831 /* Build configuration list for PBXNativeTarget "BottomSheet" */;
			buildPhases = (
				8966710027C424ED005DC831 /* Sources */,
				8966710127C424ED005DC831 /* Frameworks */,
				8966710227C424ED005DC831 /* Resources */,
			);
			buildRules = (
			);
			dependencies = (
			);
			name = BottomSheet;
			productName = BottomSheet;
			productReference = 8966710427C424ED005DC831 /* BottomSheet.app */;
			productType = "com.apple.product-type.application";
		};
		89EE53D827CE524500899269 /* BottomSheetTests */ = {
			isa = PBXNativeTarget;
			buildConfigurationList = 89EE53DF27CE524500899269 /* Build configuration list for PBXNativeTarget "BottomSheetTests" */;
			buildPhases = (
				89EE53D527CE524500899269 /* Sources */,
				89EE53D627CE524500899269 /* Frameworks */,
				89EE53D727CE524500899269 /* Resources */,
			);
			buildRules = (
			);
			dependencies = (
				89EE53DE27CE524500899269 /* PBXTargetDependency */,
			);
			name = BottomSheetTests;
			productName = BottomSheetTests;
			productReference = 89EE53D927CE524500899269 /* BottomSheetTests.xctest */;
			productType = "com.apple.product-type.bundle.unit-test";
		};
/* End PBXNativeTarget section */

/* Begin PBXProject section */
		896670FC27C424ED005DC831 /* Project object */ = {
			isa = PBXProject;
			attributes = {
				BuildIndependentTargetsInParallel = 1;
				LastSwiftUpdateCheck = 1300;
				LastUpgradeCheck = 1300;
				TargetAttributes = {
					8966710327C424ED005DC831 = {
						CreatedOnToolsVersion = 13.0;
					};
					89EE53D827CE524500899269 = {
						CreatedOnToolsVersion = 13.0;
						TestTargetID = 8966710327C424ED005DC831;
					};
				};
			};
			buildConfigurationList = 896670FF27C424ED005DC831 /* Build configuration list for PBXProject "BottomSheet" */;
			compatibilityVersion = "Xcode 13.0";
			developmentRegion = en;
			hasScannedForEncodings = 0;
			knownRegions = (
				en,
				Base,
			);
			mainGroup = 896670FB27C424ED005DC831;
			productRefGroup = 8966710527C424ED005DC831 /* Products */;
			projectDirPath = "";
			projectRoot = "";
			targets = (
				8966710327C424ED005DC831 /* BottomSheet */,
				89EE53D827CE524500899269 /* BottomSheetTests */,
			);
		};
/* End PBXProject section */

/* Begin PBXResourcesBuildPhase section */
		8966710227C424ED005DC831 /* Resources */ = {
			isa = PBXResourcesBuildPhase;
			buildActionMask = 2147483647;
			files = (
				8966711427C424EF005DC831 /* Assets.xcassets in Resources */,
			);
			runOnlyForDeploymentPostprocessing = 0;
		};
		89EE53D727CE524500899269 /* Resources */ = {
			isa = PBXResourcesBuildPhase;
			buildActionMask = 2147483647;
			files = (
			);
			runOnlyForDeploymentPostprocessing = 0;
		};
/* End PBXResourcesBuildPhase section */

/* Begin PBXSourcesBuildPhase section */
		8966710027C424ED005DC831 /* Sources */ = {
			isa = PBXSourcesBuildPhase;
			buildActionMask = 2147483647;
			files = (
				8966710C27C424ED005DC831 /* ViewController.swift in Sources */,
				8966713C27C43828005DC831 /* DismissAnimation.swift in Sources */,
				8966712B27C42FB1005DC831 /* BottomSheetModifier.swift in Sources */,
				8966712427C42E42005DC831 /* ContentView.swift in Sources */,
				8966713527C433BE005DC831 /* BottomSheetInteractionController.swift in Sources */,
				8966710827C424ED005DC831 /* AppDelegate.swift in Sources */,
				8966713727C4350F005DC831 /* BottomSheetPresentationController.swift in Sources */,
				8966713E27C44804005DC831 /* PresentationController.swift in Sources */,
				8966713927C4380E005DC831 /* PresentAnimation.swift in Sources */,
				8966713327C432EC005DC831 /* BottomSheetPresentationManager.swift in Sources */,
				8966714027C51AA3005DC831 /* BottomSheetHostingController.swift in Sources */,
				8966712D27C42FC7005DC831 /* ViewExtensions.swift in Sources */,
				8966712F27C43083005DC831 /* BottomSheetPresenter.swift in Sources */,
				8966711227C424ED005DC831 /* BottomSheet.xcdatamodeld in Sources */,
				8966712827C42EB6005DC831 /* DetailsModel.swift in Sources */,
				8966710A27C424ED005DC831 /* SceneDelegate.swift in Sources */,
				8966712627C42E53005DC831 /* DetailsView.swift in Sources */,
			);
			runOnlyForDeploymentPostprocessing = 0;
		};
		89EE53D527CE524500899269 /* Sources */ = {
			isa = PBXSourcesBuildPhase;
			buildActionMask = 2147483647;
			files = (
				89EE53DC27CE524500899269 /* BottomSheetTests.swift in Sources */,
			);
			runOnlyForDeploymentPostprocessing = 0;
		};
/* End PBXSourcesBuildPhase section */

/* Begin PBXTargetDependency section */
		89EE53DE27CE524500899269 /* PBXTargetDependency */ = {
			isa = PBXTargetDependency;
			target = 8966710327C424ED005DC831 /* BottomSheet */;
			targetProxy = 89EE53DD27CE524500899269 /* PBXContainerItemProxy */;
		};
/* End PBXTargetDependency section */

/* Begin XCBuildConfiguration section */
		8966711927C424EF005DC831 /* Debug */ = {
			isa = XCBuildConfiguration;
			buildSettings = {
				ALWAYS_SEARCH_USER_PATHS = NO;
				CLANG_ANALYZER_NONNULL = YES;
				CLANG_ANALYZER_NUMBER_OBJECT_CONVERSION = YES_AGGRESSIVE;
				CLANG_CXX_LANGUAGE_STANDARD = "gnu++17";
				CLANG_CXX_LIBRARY = "libc++";
				CLANG_ENABLE_MODULES = YES;
				CLANG_ENABLE_OBJC_ARC = YES;
				CLANG_ENABLE_OBJC_WEAK = YES;
				CLANG_WARN_BLOCK_CAPTURE_AUTORELEASING = YES;
				CLANG_WARN_BOOL_CONVERSION = YES;
				CLANG_WARN_COMMA = YES;
				CLANG_WARN_CONSTANT_CONVERSION = YES;
				CLANG_WARN_DEPRECATED_OBJC_IMPLEMENTATIONS = YES;
				CLANG_WARN_DIRECT_OBJC_ISA_USAGE = YES_ERROR;
				CLANG_WARN_DOCUMENTATION_COMMENTS = YES;
				CLANG_WARN_EMPTY_BODY = YES;
				CLANG_WARN_ENUM_CONVERSION = YES;
				CLANG_WARN_INFINITE_RECURSION = YES;
				CLANG_WARN_INT_CONVERSION = YES;
				CLANG_WARN_NON_LITERAL_NULL_CONVERSION = YES;
				CLANG_WARN_OBJC_IMPLICIT_RETAIN_SELF = YES;
				CLANG_WARN_OBJC_LITERAL_CONVERSION = YES;
				CLANG_WARN_OBJC_ROOT_CLASS = YES_ERROR;
				CLANG_WARN_QUOTED_INCLUDE_IN_FRAMEWORK_HEADER = YES;
				CLANG_WARN_RANGE_LOOP_ANALYSIS = YES;
				CLANG_WARN_STRICT_PROTOTYPES = YES;
				CLANG_WARN_SUSPICIOUS_MOVE = YES;
				CLANG_WARN_UNGUARDED_AVAILABILITY = YES_AGGRESSIVE;
				CLANG_WARN_UNREACHABLE_CODE = YES;
				CLANG_WARN__DUPLICATE_METHOD_MATCH = YES;
				COPY_PHASE_STRIP = NO;
				DEBUG_INFORMATION_FORMAT = dwarf;
				ENABLE_STRICT_OBJC_MSGSEND = YES;
				ENABLE_TESTABILITY = YES;
				GCC_C_LANGUAGE_STANDARD = gnu11;
				GCC_DYNAMIC_NO_PIC = NO;
				GCC_NO_COMMON_BLOCKS = YES;
				GCC_OPTIMIZATION_LEVEL = 0;
				GCC_PREPROCESSOR_DEFINITIONS = (
					"DEBUG=1",
					"$(inherited)",
				);
				GCC_WARN_64_TO_32_BIT_CONVERSION = YES;
				GCC_WARN_ABOUT_RETURN_TYPE = YES_ERROR;
				GCC_WARN_UNDECLARED_SELECTOR = YES;
				GCC_WARN_UNINITIALIZED_AUTOS = YES_AGGRESSIVE;
				GCC_WARN_UNUSED_FUNCTION = YES;
				GCC_WARN_UNUSED_VARIABLE = YES;
				IPHONEOS_DEPLOYMENT_TARGET = 15.0;
				MTL_ENABLE_DEBUG_INFO = INCLUDE_SOURCE;
				MTL_FAST_MATH = YES;
				ONLY_ACTIVE_ARCH = YES;
				SDKROOT = iphoneos;
				SWIFT_ACTIVE_COMPILATION_CONDITIONS = DEBUG;
				SWIFT_OPTIMIZATION_LEVEL = "-Onone";
			};
			name = Debug;
		};
		8966711A27C424EF005DC831 /* Release */ = {
			isa = XCBuildConfiguration;
			buildSettings = {
				ALWAYS_SEARCH_USER_PATHS = NO;
				CLANG_ANALYZER_NONNULL = YES;
				CLANG_ANALYZER_NUMBER_OBJECT_CONVERSION = YES_AGGRESSIVE;
				CLANG_CXX_LANGUAGE_STANDARD = "gnu++17";
				CLANG_CXX_LIBRARY = "libc++";
				CLANG_ENABLE_MODULES = YES;
				CLANG_ENABLE_OBJC_ARC = YES;
				CLANG_ENABLE_OBJC_WEAK = YES;
				CLANG_WARN_BLOCK_CAPTURE_AUTORELEASING = YES;
				CLANG_WARN_BOOL_CONVERSION = YES;
				CLANG_WARN_COMMA = YES;
				CLANG_WARN_CONSTANT_CONVERSION = YES;
				CLANG_WARN_DEPRECATED_OBJC_IMPLEMENTATIONS = YES;
				CLANG_WARN_DIRECT_OBJC_ISA_USAGE = YES_ERROR;
				CLANG_WARN_DOCUMENTATION_COMMENTS = YES;
				CLANG_WARN_EMPTY_BODY = YES;
				CLANG_WARN_ENUM_CONVERSION = YES;
				CLANG_WARN_INFINITE_RECURSION = YES;
				CLANG_WARN_INT_CONVERSION = YES;
				CLANG_WARN_NON_LITERAL_NULL_CONVERSION = YES;
				CLANG_WARN_OBJC_IMPLICIT_RETAIN_SELF = YES;
				CLANG_WARN_OBJC_LITERAL_CONVERSION = YES;
				CLANG_WARN_OBJC_ROOT_CLASS = YES_ERROR;
				CLANG_WARN_QUOTED_INCLUDE_IN_FRAMEWORK_HEADER = YES;
				CLANG_WARN_RANGE_LOOP_ANALYSIS = YES;
				CLANG_WARN_STRICT_PROTOTYPES = YES;
				CLANG_WARN_SUSPICIOUS_MOVE = YES;
				CLANG_WARN_UNGUARDED_AVAILABILITY = YES_AGGRESSIVE;
				CLANG_WARN_UNREACHABLE_CODE = YES;
				CLANG_WARN__DUPLICATE_METHOD_MATCH = YES;
				COPY_PHASE_STRIP = NO;
				DEBUG_INFORMATION_FORMAT = "dwarf-with-dsym";
				ENABLE_NS_ASSERTIONS = NO;
				ENABLE_STRICT_OBJC_MSGSEND = YES;
				GCC_C_LANGUAGE_STANDARD = gnu11;
				GCC_NO_COMMON_BLOCKS = YES;
				GCC_WARN_64_TO_32_BIT_CONVERSION = YES;
				GCC_WARN_ABOUT_RETURN_TYPE = YES_ERROR;
				GCC_WARN_UNDECLARED_SELECTOR = YES;
				GCC_WARN_UNINITIALIZED_AUTOS = YES_AGGRESSIVE;
				GCC_WARN_UNUSED_FUNCTION = YES;
				GCC_WARN_UNUSED_VARIABLE = YES;
				IPHONEOS_DEPLOYMENT_TARGET = 15.0;
				MTL_ENABLE_DEBUG_INFO = NO;
				MTL_FAST_MATH = YES;
				SDKROOT = iphoneos;
				SWIFT_COMPILATION_MODE = wholemodule;
				SWIFT_OPTIMIZATION_LEVEL = "-O";
				VALIDATE_PRODUCT = YES;
			};
			name = Release;
		};
		8966711C27C424EF005DC831 /* Debug */ = {
			isa = XCBuildConfiguration;
			buildSettings = {
				ASSETCATALOG_COMPILER_APPICON_NAME = AppIcon;
				ASSETCATALOG_COMPILER_GLOBAL_ACCENT_COLOR_NAME = AccentColor;
				CODE_SIGN_STYLE = Automatic;
				CURRENT_PROJECT_VERSION = 1;
				DEVELOPMENT_TEAM = 4AZ42S98X5;
				GENERATE_INFOPLIST_FILE = YES;
				INFOPLIST_FILE = BottomSheet/Info.plist;
				INFOPLIST_KEY_UIApplicationSupportsIndirectInputEvents = YES;
				INFOPLIST_KEY_UISupportedInterfaceOrientations_iPad = "UIInterfaceOrientationPortrait UIInterfaceOrientationPortraitUpsideDown UIInterfaceOrientationLandscapeLeft UIInterfaceOrientationLandscapeRight";
				INFOPLIST_KEY_UISupportedInterfaceOrientations_iPhone = "UIInterfaceOrientationPortrait UIInterfaceOrientationLandscapeLeft UIInterfaceOrientationLandscapeRight";
				LD_RUNPATH_SEARCH_PATHS = (
					"$(inherited)",
					"@executable_path/Frameworks",
				);
				MARKETING_VERSION = 1.0;
				PRODUCT_BUNDLE_IDENTIFIER = "Volodymyr-Seredovych.BottomSheet";
				PRODUCT_NAME = "$(TARGET_NAME)";
				SWIFT_EMIT_LOC_STRINGS = YES;
				SWIFT_VERSION = 5.0;
				TARGETED_DEVICE_FAMILY = "1,2";
			};
			name = Debug;
		};
		8966711D27C424EF005DC831 /* Release */ = {
			isa = XCBuildConfiguration;
			buildSettings = {
				ASSETCATALOG_COMPILER_APPICON_NAME = AppIcon;
				ASSETCATALOG_COMPILER_GLOBAL_ACCENT_COLOR_NAME = AccentColor;
				CODE_SIGN_STYLE = Automatic;
				CURRENT_PROJECT_VERSION = 1;
				DEVELOPMENT_TEAM = 4AZ42S98X5;
				GENERATE_INFOPLIST_FILE = YES;
				INFOPLIST_FILE = BottomSheet/Info.plist;
				INFOPLIST_KEY_UIApplicationSupportsIndirectInputEvents = YES;
				INFOPLIST_KEY_UISupportedInterfaceOrientations_iPad = "UIInterfaceOrientationPortrait UIInterfaceOrientationPortraitUpsideDown UIInterfaceOrientationLandscapeLeft UIInterfaceOrientationLandscapeRight";
				INFOPLIST_KEY_UISupportedInterfaceOrientations_iPhone = "UIInterfaceOrientationPortrait UIInterfaceOrientationLandscapeLeft UIInterfaceOrientationLandscapeRight";
				LD_RUNPATH_SEARCH_PATHS = (
					"$(inherited)",
					"@executable_path/Frameworks",
				);
				MARKETING_VERSION = 1.0;
				PRODUCT_BUNDLE_IDENTIFIER = "Volodymyr-Seredovych.BottomSheet";
				PRODUCT_NAME = "$(TARGET_NAME)";
				SWIFT_EMIT_LOC_STRINGS = YES;
				SWIFT_VERSION = 5.0;
				TARGETED_DEVICE_FAMILY = "1,2";
			};
			name = Release;
		};
		89EE53E027CE524500899269 /* Debug */ = {
			isa = XCBuildConfiguration;
			buildSettings = {
				BUNDLE_LOADER = "$(TEST_HOST)";
				CODE_SIGN_STYLE = Automatic;
				CURRENT_PROJECT_VERSION = 1;
				DEVELOPMENT_TEAM = 4AZ42S98X5;
				GENERATE_INFOPLIST_FILE = YES;
				LD_RUNPATH_SEARCH_PATHS = (
					"$(inherited)",
					"@executable_path/Frameworks",
					"@loader_path/Frameworks",
				);
				MARKETING_VERSION = 1.0;
				PRODUCT_BUNDLE_IDENTIFIER = "Volodymyr-Seredovych.BottomSheetTests";
				PRODUCT_NAME = "$(TARGET_NAME)";
				SWIFT_EMIT_LOC_STRINGS = NO;
				SWIFT_VERSION = 5.0;
				TARGETED_DEVICE_FAMILY = "1,2";
				TEST_HOST = "$(BUILT_PRODUCTS_DIR)/BottomSheet.app/BottomSheet";
			};
			name = Debug;
		};
		89EE53E127CE524500899269 /* Release */ = {
			isa = XCBuildConfiguration;
			buildSettings = {
				BUNDLE_LOADER = "$(TEST_HOST)";
				CODE_SIGN_STYLE = Automatic;
				CURRENT_PROJECT_VERSION = 1;
				DEVELOPMENT_TEAM = 4AZ42S98X5;
				GENERATE_INFOPLIST_FILE = YES;
				LD_RUNPATH_SEARCH_PATHS = (
					"$(inherited)",
					"@executable_path/Frameworks",
					"@loader_path/Frameworks",
				);
				MARKETING_VERSION = 1.0;
				PRODUCT_BUNDLE_IDENTIFIER = "Volodymyr-Seredovych.BottomSheetTests";
				PRODUCT_NAME = "$(TARGET_NAME)";
				SWIFT_EMIT_LOC_STRINGS = NO;
				SWIFT_VERSION = 5.0;
				TARGETED_DEVICE_FAMILY = "1,2";
				TEST_HOST = "$(BUILT_PRODUCTS_DIR)/BottomSheet.app/BottomSheet";
			};
			name = Release;
		};
/* End XCBuildConfiguration section */

/* Begin XCConfigurationList section */
		896670FF27C424ED005DC831 /* Build configuration list for PBXProject "BottomSheet" */ = {
			isa = XCConfigurationList;
			buildConfigurations = (
				8966711927C424EF005DC831 /* Debug */,
				8966711A27C424EF005DC831 /* Release */,
			);
			defaultConfigurationIsVisible = 0;
			defaultConfigurationName = Release;
		};
		8966711B27C424EF005DC831 /* Build configuration list for PBXNativeTarget "BottomSheet" */ = {
			isa = XCConfigurationList;
			buildConfigurations = (
				8966711C27C424EF005DC831 /* Debug */,
				8966711D27C424EF005DC831 /* Release */,
			);
			defaultConfigurationIsVisible = 0;
			defaultConfigurationName = Release;
		};
		89EE53DF27CE524500899269 /* Build configuration list for PBXNativeTarget "BottomSheetTests" */ = {
			isa = XCConfigurationList;
			buildConfigurations = (
				89EE53E027CE524500899269 /* Debug */,
				89EE53E127CE524500899269 /* Release */,
			);
			defaultConfigurationIsVisible = 0;
			defaultConfigurationName = Release;
		};
/* End XCConfigurationList section */

/* Begin XCVersionGroup section */
		8966711027C424ED005DC831 /* BottomSheet.xcdatamodeld */ = {
			isa = XCVersionGroup;
			children = (
				8966711127C424ED005DC831 /* BottomSheet.xcdatamodel */,
			);
			currentVersion = 8966711127C424ED005DC831 /* BottomSheet.xcdatamodel */;
			path = BottomSheet.xcdatamodeld;
			sourceTree = "<group>";
			versionGroupType = wrapper.xcdatamodel;
		};
/* End XCVersionGroup section */
	};
	rootObject = 896670FC27C424ED005DC831 /* Project object */;
}
